
Microsoft Visual Studio Solution File, Format Version 12.00
# Visual Studio Version 16
VisualStudioVersion = 16.0.30523.141
MinimumVisualStudioVersion = 10.0.40219.1
Project("{8BC9CEB8-8B4A-11D0-8D11-00A0C91BC942}") = "Opdrachten", "Opdrachten\Opdrachten.vcxproj", "{40C81C12-E821-464F-A2BB-1EA35F6518FE}"
EndProject
Global
	GlobalSection(SolutionConfigurationPlatforms) = preSolution
		Debug|x64 = Debug|x64
		Debug|x86 = Debug|x86
		Release|x64 = Release|x64
		Release|x86 = Release|x86
	EndGlobalSection
	GlobalSection(ProjectConfigurationPlatforms) = postSolution
		{40C81C12-E821-464F-A2BB-1EA35F6518FE}.Debug|x64.ActiveCfg = Debug|x64
		{40C81C12-E821-464F-A2BB-1EA35F6518FE}.Debug|x64.Build.0 = Debug|x64
		{40C81C12-E821-464F-A2BB-1EA35F6518FE}.Debug|x86.ActiveCfg = Debug|Win32
		{40C81C12-E821-464F-A2BB-1EA35F6518FE}.Debug|x86.Build.0 = Debug|Win32
		{40C81C12-E821-464F-A2BB-1EA35F6518FE}.Release|x64.ActiveCfg = Release|x64
		{40C81C12-E821-464F-A2BB-1EA35F6518FE}.Release|x64.Build.0 = Release|x64
		{40C81C12-E821-464F-A2BB-1EA35F6518FE}.Release|x86.ActiveCfg = Release|Win32
		{40C81C12-E821-464F-A2BB-1EA35F6518FE}.Release|x86.Build.0 = Release|Win32
	EndGlobalSection
	GlobalSection(SolutionProperties) = preSolution
		HideSolutionNode = FALSE
	EndGlobalSection
	GlobalSection(ExtensibilityGlobals) = postSolution
		SolutionGuid = {FC1BAE92-3FBF-4C7F-A85C-751C120BD7B6}
	EndGlobalSection
EndGlobal
